
Microsoft Visual Studio Solution File, Format Version 12.00
# Visual Studio 14
VisualStudioVersion = 14.0.25123.0
MinimumVisualStudioVersion = 10.0.40219.1
Project("{E24C65DC-7377-472B-9ABA-BC803B73C61A}") = "failaka", "http://localhost/failaka", "{E9B09BF9-5F09-433E-8053-1586EFAC6167}"
	ProjectSection(WebsiteProperties) = preProject
		UseIISExpress = "false"
		TargetFrameworkMoniker = ".NETFramework,Version%3Dv4.6"
		Debug.AspNetCompiler.VirtualPath = "/failaka"
		Debug.AspNetCompiler.PhysicalPath = "..\HotelReservationSystem\"
		Debug.AspNetCompiler.TargetPath = "PrecompiledWeb\failaka\"
		Debug.AspNetCompiler.Updateable = "true"
		Debug.AspNetCompiler.ForceOverwrite = "true"
		Debug.AspNetCompiler.FixedNames = "false"
		Debug.AspNetCompiler.Debug = "True"
		Release.AspNetCompiler.VirtualPath = "/failaka"
		Release.AspNetCompiler.PhysicalPath = "..\HotelReservationSystem\"
		Release.AspNetCompiler.TargetPath = "PrecompiledWeb\failaka\"
		Release.AspNetCompiler.Updateable = "true"
		Release.AspNetCompiler.ForceOverwrite = "true"
		Release.AspNetCompiler.FixedNames = "false"
		Release.AspNetCompiler.Debug = "False"
		SlnRelativePath = "..\HotelReservationSystem\"
	EndProjectSection
EndProject
Global
	GlobalSection(SolutionConfigurationPlatforms) = preSolution
		Debug|Any CPU = Debug|Any CPU
	EndGlobalSection
	GlobalSection(ProjectConfigurationPlatforms) = postSolution
		{E9B09BF9-5F09-433E-8053-1586EFAC6167}.Debug|Any CPU.ActiveCfg = Debug|Any CPU
		{E9B09BF9-5F09-433E-8053-1586EFAC6167}.Debug|Any CPU.Build.0 = Debug|Any CPU
	EndGlobalSection
	GlobalSection(SolutionProperties) = preSolution
		HideSolutionNode = FALSE
	EndGlobalSection
EndGlobal
